// !$*UTF8*$!
{
	archiveVersion = 1;
	classes = {
	};
	objectVersion = 46;
	objects = {

/* Begin PBXBuildFile section */
		3CB618CE7D39604EEEE5AABB /* Pods_dateMe.framework in Frameworks */ = {isa = PBXBuildFile; fileRef = 8154806DF4BD0A4BE5695B0A /* Pods_dateMe.framework */; };
		B569541D1DB866970096DB8D /* SignUpViewController.swift in Sources */ = {isa = PBXBuildFile; fileRef = B569541C1DB866970096DB8D /* SignUpViewController.swift */; };
		B569541F1DB869910096DB8D /* DataService.swift in Sources */ = {isa = PBXBuildFile; fileRef = B569541E1DB869910096DB8D /* DataService.swift */; };
		B56954211DB86A310096DB8D /* Session.swift in Sources */ = {isa = PBXBuildFile; fileRef = B56954201DB86A310096DB8D /* Session.swift */; };
		B56954251DB8706C0096DB8D /* Profile.storyboard in Resources */ = {isa = PBXBuildFile; fileRef = B56954231DB8706C0096DB8D /* Profile.storyboard */; };
		B56954281DB870930096DB8D /* Swipe.storyboard in Resources */ = {isa = PBXBuildFile; fileRef = B56954261DB870930096DB8D /* Swipe.storyboard */; };
		B569542D1DB875000096DB8D /* User.swift in Sources */ = {isa = PBXBuildFile; fileRef = B569542C1DB875000096DB8D /* User.swift */; };
		B56954341DB8782E0096DB8D /* Main.storyboard in Resources */ = {isa = PBXBuildFile; fileRef = B56954321DB8782E0096DB8D /* Main.storyboard */; };
		B56954381DB879500096DB8D /* ProfileViewController.swift in Sources */ = {isa = PBXBuildFile; fileRef = B56954371DB879500096DB8D /* ProfileViewController.swift */; };
		B569543A1DB890200096DB8D /* EditProfileViewController.swift in Sources */ = {isa = PBXBuildFile; fileRef = B56954391DB890200096DB8D /* EditProfileViewController.swift */; };
		B569543C1DB89EC60096DB8D /* aboutMeViewController.swift in Sources */ = {isa = PBXBuildFile; fileRef = B569543B1DB89EC60096DB8D /* aboutMeViewController.swift */; };
		B569543F1DB8A89F0096DB8D /* Matches.storyboard in Resources */ = {isa = PBXBuildFile; fileRef = B569543D1DB8A89F0096DB8D /* Matches.storyboard */; };
		B56954411DB8A8D50096DB8D /* MatchesTableViewController.swift in Sources */ = {isa = PBXBuildFile; fileRef = B56954401DB8A8D50096DB8D /* MatchesTableViewController.swift */; };
		B56954431DB8AB530096DB8D /* SwipeViewController.swift in Sources */ = {isa = PBXBuildFile; fileRef = B56954421DB8AB530096DB8D /* SwipeViewController.swift */; };
		B56954471DB8B0400096DB8D /* OverlayView.m in Sources */ = {isa = PBXBuildFile; fileRef = B56954461DB8B0400096DB8D /* OverlayView.m */; };
		B569544B1DB8B06D0096DB8D /* DraggableView.m in Sources */ = {isa = PBXBuildFile; fileRef = B569544A1DB8B06D0096DB8D /* DraggableView.m */; };
		B569544F1DB8B2380096DB8D /* DraggableViewBackground.m in Sources */ = {isa = PBXBuildFile; fileRef = B569544E1DB8B2380096DB8D /* DraggableViewBackground.m */; };
		B56954511DB8B5E10096DB8D /* dateMeViewBackground.swift in Sources */ = {isa = PBXBuildFile; fileRef = B56954501DB8B5E10096DB8D /* dateMeViewBackground.swift */; };
		B56954531DB8BC0E0096DB8D /* SearchOptionViewController.swift in Sources */ = {isa = PBXBuildFile; fileRef = B56954521DB8BC0E0096DB8D /* SearchOptionViewController.swift */; };
		B56954591DB8CAE30096DB8D /* Search.storyboard in Resources */ = {isa = PBXBuildFile; fileRef = B56954571DB8CAE30096DB8D /* Search.storyboard */; };
		B594038E1DB85E8E003E761E /* AppDelegate.swift in Sources */ = {isa = PBXBuildFile; fileRef = B594038D1DB85E8E003E761E /* AppDelegate.swift */; };
		B59403901DB85E8E003E761E /* ViewController.swift in Sources */ = {isa = PBXBuildFile; fileRef = B594038F1DB85E8E003E761E /* ViewController.swift */; };
		B59403961DB85E8E003E761E /* dateMe.xcdatamodeld in Sources */ = {isa = PBXBuildFile; fileRef = B59403941DB85E8E003E761E /* dateMe.xcdatamodeld */; };
		B59403981DB85E8E003E761E /* Assets.xcassets in Resources */ = {isa = PBXBuildFile; fileRef = B59403971DB85E8E003E761E /* Assets.xcassets */; };
		B594039B1DB85E8F003E761E /* LaunchScreen.storyboard in Resources */ = {isa = PBXBuildFile; fileRef = B59403991DB85E8F003E761E /* LaunchScreen.storyboard */; };
		B59403A31DB85F67003E761E /* GoogleService-Info.plist in Resources */ = {isa = PBXBuildFile; fileRef = B59403A21DB85F67003E761E /* GoogleService-Info.plist */; };
/* End PBXBuildFile section */

/* Begin PBXFileReference section */
		2F291BAD0B62BEDB9C2E8E23 /* Pods-dateMe.release.xcconfig */ = {isa = PBXFileReference; includeInIndex = 1; lastKnownFileType = text.xcconfig; name = "Pods-dateMe.release.xcconfig"; path = "Pods/Target Support Files/Pods-dateMe/Pods-dateMe.release.xcconfig"; sourceTree = "<group>"; };
		8154806DF4BD0A4BE5695B0A /* Pods_dateMe.framework */ = {isa = PBXFileReference; explicitFileType = wrapper.framework; includeInIndex = 0; path = Pods_dateMe.framework; sourceTree = BUILT_PRODUCTS_DIR; };
		85D5ECE3449A4A7153621AAC /* Pods-dateMe.debug.xcconfig */ = {isa = PBXFileReference; includeInIndex = 1; lastKnownFileType = text.xcconfig; name = "Pods-dateMe.debug.xcconfig"; path = "Pods/Target Support Files/Pods-dateMe/Pods-dateMe.debug.xcconfig"; sourceTree = "<group>"; };
		B569541C1DB866970096DB8D /* SignUpViewController.swift */ = {isa = PBXFileReference; fileEncoding = 4; lastKnownFileType = sourcecode.swift; name = SignUpViewController.swift; path = Controller/SignUpViewController.swift; sourceTree = "<group>"; };
		B569541E1DB869910096DB8D /* DataService.swift */ = {isa = PBXFileReference; fileEncoding = 4; lastKnownFileType = sourcecode.swift; name = DataService.swift; path = Models/DataService.swift; sourceTree = "<group>"; };
		B56954201DB86A310096DB8D /* Session.swift */ = {isa = PBXFileReference; fileEncoding = 4; lastKnownFileType = sourcecode.swift; path = Session.swift; sourceTree = "<group>"; };
		B56954241DB8706C0096DB8D /* Base */ = {isa = PBXFileReference; lastKnownFileType = file.storyboard; name = Base; path = Base.lproj/Profile.storyboard; sourceTree = "<group>"; };
		B56954271DB870930096DB8D /* Base */ = {isa = PBXFileReference; lastKnownFileType = file.storyboard; name = Base; path = Base.lproj/Swipe.storyboard; sourceTree = "<group>"; };
		B569542C1DB875000096DB8D /* User.swift */ = {isa = PBXFileReference; fileEncoding = 4; lastKnownFileType = sourcecode.swift; name = User.swift; path = Models/User.swift; sourceTree = "<group>"; };
		B56954331DB8782E0096DB8D /* Base */ = {isa = PBXFileReference; lastKnownFileType = file.storyboard; name = Base; path = Base.lproj/Main.storyboard; sourceTree = "<group>"; };
		B56954371DB879500096DB8D /* ProfileViewController.swift */ = {isa = PBXFileReference; fileEncoding = 4; lastKnownFileType = sourcecode.swift; name = ProfileViewController.swift; path = Controller/ProfileViewController.swift; sourceTree = "<group>"; };
		B56954391DB890200096DB8D /* EditProfileViewController.swift */ = {isa = PBXFileReference; fileEncoding = 4; lastKnownFileType = sourcecode.swift; name = EditProfileViewController.swift; path = Controller/EditProfileViewController.swift; sourceTree = "<group>"; };
		B569543B1DB89EC60096DB8D /* aboutMeViewController.swift */ = {isa = PBXFileReference; fileEncoding = 4; lastKnownFileType = sourcecode.swift; name = aboutMeViewController.swift; path = Controller/aboutMeViewController.swift; sourceTree = "<group>"; };
		B569543E1DB8A89F0096DB8D /* Base */ = {isa = PBXFileReference; lastKnownFileType = file.storyboard; name = Base; path = Base.lproj/Matches.storyboard; sourceTree = "<group>"; };
		B56954401DB8A8D50096DB8D /* MatchesTableViewController.swift */ = {isa = PBXFileReference; fileEncoding = 4; lastKnownFileType = sourcecode.swift; name = MatchesTableViewController.swift; path = Controller/MatchesTableViewController.swift; sourceTree = "<group>"; };
		B56954421DB8AB530096DB8D /* SwipeViewController.swift */ = {isa = PBXFileReference; fileEncoding = 4; lastKnownFileType = sourcecode.swift; name = SwipeViewController.swift; path = Controller/SwipeViewController.swift; sourceTree = "<group>"; };
		B56954451DB8B03F0096DB8D /* dateMe-Bridging-Header.h */ = {isa = PBXFileReference; lastKnownFileType = sourcecode.c.h; path = "dateMe-Bridging-Header.h"; sourceTree = "<group>"; };
		B56954461DB8B0400096DB8D /* OverlayView.m */ = {isa = PBXFileReference; fileEncoding = 4; lastKnownFileType = sourcecode.c.objc; path = OverlayView.m; sourceTree = "<group>"; };
		B56954481DB8B0540096DB8D /* OverlayView.h */ = {isa = PBXFileReference; lastKnownFileType = sourcecode.c.h; path = OverlayView.h; sourceTree = "<group>"; };
		B56954491DB8B0640096DB8D /* DraggableView.h */ = {isa = PBXFileReference; fileEncoding = 4; lastKnownFileType = sourcecode.c.h; path = DraggableView.h; sourceTree = "<group>"; };
		B569544A1DB8B06D0096DB8D /* DraggableView.m */ = {isa = PBXFileReference; fileEncoding = 4; lastKnownFileType = sourcecode.c.objc; path = DraggableView.m; sourceTree = "<group>"; };
		B569544D1DB8B2380096DB8D /* DraggableViewBackground.h */ = {isa = PBXFileReference; fileEncoding = 4; lastKnownFileType = sourcecode.c.h; path = DraggableViewBackground.h; sourceTree = "<group>"; };
		B569544E1DB8B2380096DB8D /* DraggableViewBackground.m */ = {isa = PBXFileReference; fileEncoding = 4; lastKnownFileType = sourcecode.c.objc; path = DraggableViewBackground.m; sourceTree = "<group>"; };
		B56954501DB8B5E10096DB8D /* dateMeViewBackground.swift */ = {isa = PBXFileReference; fileEncoding = 4; lastKnownFileType = sourcecode.swift; name = dateMeViewBackground.swift; path = Models/dateMeViewBackground.swift; sourceTree = "<group>"; };
		B56954521DB8BC0E0096DB8D /* SearchOptionViewController.swift */ = {isa = PBXFileReference; fileEncoding = 4; lastKnownFileType = sourcecode.swift; name = SearchOptionViewController.swift; path = Controller/SearchOptionViewController.swift; sourceTree = "<group>"; };
		B56954581DB8CAE30096DB8D /* Base */ = {isa = PBXFileReference; lastKnownFileType = file.storyboard; name = Base; path = Base.lproj/Search.storyboard; sourceTree = "<group>"; };
		B594038A1DB85E8E003E761E /* dateMe.app */ = {isa = PBXFileReference; explicitFileType = wrapper.application; includeInIndex = 0; path = dateMe.app; sourceTree = BUILT_PRODUCTS_DIR; };
		B594038D1DB85E8E003E761E /* AppDelegate.swift */ = {isa = PBXFileReference; lastKnownFileType = sourcecode.swift; path = AppDelegate.swift; sourceTree = "<group>"; };
		B594038F1DB85E8E003E761E /* ViewController.swift */ = {isa = PBXFileReference; lastKnownFileType = sourcecode.swift; path = ViewController.swift; sourceTree = "<group>"; };
		B59403951DB85E8E003E761E /* dateMe.xcdatamodel */ = {isa = PBXFileReference; lastKnownFileType = wrapper.xcdatamodel; path = dateMe.xcdatamodel; sourceTree = "<group>"; };
		B59403971DB85E8E003E761E /* Assets.xcassets */ = {isa = PBXFileReference; lastKnownFileType = folder.assetcatalog; path = Assets.xcassets; sourceTree = "<group>"; };
		B594039A1DB85E8F003E761E /* Base */ = {isa = PBXFileReference; lastKnownFileType = file.storyboard; name = Base; path = Base.lproj/LaunchScreen.storyboard; sourceTree = "<group>"; };
		B594039C1DB85E8F003E761E /* Info.plist */ = {isa = PBXFileReference; lastKnownFileType = text.plist.xml; path = Info.plist; sourceTree = "<group>"; };
		B59403A21DB85F67003E761E /* GoogleService-Info.plist */ = {isa = PBXFileReference; fileEncoding = 4; lastKnownFileType = text.plist.xml; path = "GoogleService-Info.plist"; sourceTree = "<group>"; };
/* End PBXFileReference section */

/* Begin PBXFrameworksBuildPhase section */
		B59403871DB85E8E003E761E /* Frameworks */ = {
			isa = PBXFrameworksBuildPhase;
			buildActionMask = 2147483647;
			files = (
				3CB618CE7D39604EEEE5AABB /* Pods_dateMe.framework in Frameworks */,
			);
			runOnlyForDeploymentPostprocessing = 0;
		};
/* End PBXFrameworksBuildPhase section */

/* Begin PBXGroup section */
		22E0B7E4046A5EF3C2C52366 /* Pods */ = {
			isa = PBXGroup;
			children = (
				85D5ECE3449A4A7153621AAC /* Pods-dateMe.debug.xcconfig */,
				2F291BAD0B62BEDB9C2E8E23 /* Pods-dateMe.release.xcconfig */,
			);
			name = Pods;
			sourceTree = "<group>";
		};
		679A15D398DEFAF12928F848 /* Frameworks */ = {
			isa = PBXGroup;
			children = (
				8154806DF4BD0A4BE5695B0A /* Pods_dateMe.framework */,
			);
			name = Frameworks;
			sourceTree = "<group>";
		};
		B56954221DB86A4D0096DB8D /* Models */ = {
			isa = PBXGroup;
			children = (
				B569541E1DB869910096DB8D /* DataService.swift */,
				B569542C1DB875000096DB8D /* User.swift */,
				B56954201DB86A310096DB8D /* Session.swift */,
				B56954501DB8B5E10096DB8D /* dateMeViewBackground.swift */,
			);
			name = Models;
			sourceTree = "<group>";
		};
		B56954441DB8B02F0096DB8D /* Cards */ = {
			isa = PBXGroup;
			children = (
				B56954451DB8B03F0096DB8D /* dateMe-Bridging-Header.h */,
				B56954481DB8B0540096DB8D /* OverlayView.h */,
				B56954461DB8B0400096DB8D /* OverlayView.m */,
				B56954491DB8B0640096DB8D /* DraggableView.h */,
				B569544A1DB8B06D0096DB8D /* DraggableView.m */,
				B569544D1DB8B2380096DB8D /* DraggableViewBackground.h */,
				B569544E1DB8B2380096DB8D /* DraggableViewBackground.m */,
			);
			name = Cards;
			sourceTree = "<group>";
		};
		B59403811DB85E8E003E761E = {
			isa = PBXGroup;
			children = (
				B56954441DB8B02F0096DB8D /* Cards */,
				B594038C1DB85E8E003E761E /* dateMe */,
				B594038B1DB85E8E003E761E /* Products */,
				22E0B7E4046A5EF3C2C52366 /* Pods */,
				679A15D398DEFAF12928F848 /* Frameworks */,
			);
			sourceTree = "<group>";
		};
		B594038B1DB85E8E003E761E /* Products */ = {
			isa = PBXGroup;
			children = (
				B594038A1DB85E8E003E761E /* dateMe.app */,
			);
			name = Products;
			sourceTree = "<group>";
		};
		B594038C1DB85E8E003E761E /* dateMe */ = {
			isa = PBXGroup;
			children = (
				B594038D1DB85E8E003E761E /* AppDelegate.swift */,
				B569541C1DB866970096DB8D /* SignUpViewController.swift */,
				B594038F1DB85E8E003E761E /* ViewController.swift */,
				B56954421DB8AB530096DB8D /* SwipeViewController.swift */,
				B56954521DB8BC0E0096DB8D /* SearchOptionViewController.swift */,
				B56954371DB879500096DB8D /* ProfileViewController.swift */,
				B56954391DB890200096DB8D /* EditProfileViewController.swift */,
				B569543B1DB89EC60096DB8D /* aboutMeViewController.swift */,
				B56954401DB8A8D50096DB8D /* MatchesTableViewController.swift */,
				B56954221DB86A4D0096DB8D /* Models */,
				B56954321DB8782E0096DB8D /* Main.storyboard */,
				B56954261DB870930096DB8D /* Swipe.storyboard */,
				B56954571DB8CAE30096DB8D /* Search.storyboard */,
				B569543D1DB8A89F0096DB8D /* Matches.storyboard */,
				B56954231DB8706C0096DB8D /* Profile.storyboard */,
				B59403971DB85E8E003E761E /* Assets.xcassets */,
				B59403991DB85E8F003E761E /* LaunchScreen.storyboard */,
				B594039C1DB85E8F003E761E /* Info.plist */,
				B59403941DB85E8E003E761E /* dateMe.xcdatamodeld */,
				B59403A21DB85F67003E761E /* GoogleService-Info.plist */,
			);
			path = dateMe;
			sourceTree = "<group>";
		};
/* End PBXGroup section */

/* Begin PBXNativeTarget section */
		B59403891DB85E8E003E761E /* dateMe */ = {
			isa = PBXNativeTarget;
			buildConfigurationList = B594039F1DB85E8F003E761E /* Build configuration list for PBXNativeTarget "dateMe" */;
			buildPhases = (
				AEA1D4932EF25DD5C1DCDBE3 /* [CP] Check Pods Manifest.lock */,
				B59403861DB85E8E003E761E /* Sources */,
				B59403871DB85E8E003E761E /* Frameworks */,
				B59403881DB85E8E003E761E /* Resources */,
				92E9A189D0BE554FA421B9EB /* [CP] Embed Pods Frameworks */,
				666113FE5893FB0CDBBF10AF /* [CP] Copy Pods Resources */,
			);
			buildRules = (
			);
			dependencies = (
			);
			name = dateMe;
			productName = dateMe;
			productReference = B594038A1DB85E8E003E761E /* dateMe.app */;
			productType = "com.apple.product-type.application";
		};
/* End PBXNativeTarget section */

/* Begin PBXProject section */
		B59403821DB85E8E003E761E /* Project object */ = {
			isa = PBXProject;
			attributes = {
				LastSwiftUpdateCheck = 0800;
				LastUpgradeCheck = 0800;
				ORGANIZATIONNAME = "Raphael Lim";
				TargetAttributes = {
					B59403891DB85E8E003E761E = {
						CreatedOnToolsVersion = 8.0;
						DevelopmentTeam = F35T3HFQ4T;
						LastSwiftMigration = 0800;
						ProvisioningStyle = Automatic;
					};
				};
			};
			buildConfigurationList = B59403851DB85E8E003E761E /* Build configuration list for PBXProject "dateMe" */;
			compatibilityVersion = "Xcode 3.2";
			developmentRegion = English;
			hasScannedForEncodings = 0;
			knownRegions = (
				en,
				Base,
			);
			mainGroup = B59403811DB85E8E003E761E;
			productRefGroup = B594038B1DB85E8E003E761E /* Products */;
			projectDirPath = "";
			projectRoot = "";
			targets = (
				B59403891DB85E8E003E761E /* dateMe */,
			);
		};
/* End PBXProject section */

/* Begin PBXResourcesBuildPhase section */
		B59403881DB85E8E003E761E /* Resources */ = {
			isa = PBXResourcesBuildPhase;
			buildActionMask = 2147483647;
			files = (
				B594039B1DB85E8F003E761E /* LaunchScreen.storyboard in Resources */,
				B59403A31DB85F67003E761E /* GoogleService-Info.plist in Resources */,
				B56954251DB8706C0096DB8D /* Profile.storyboard in Resources */,
				B56954341DB8782E0096DB8D /* Main.storyboard in Resources */,
				B59403981DB85E8E003E761E /* Assets.xcassets in Resources */,
				B56954281DB870930096DB8D /* Swipe.storyboard in Resources */,
				B56954591DB8CAE30096DB8D /* Search.storyboard in Resources */,
				B569543F1DB8A89F0096DB8D /* Matches.storyboard in Resources */,
			);
			runOnlyForDeploymentPostprocessing = 0;
		};
/* End PBXResourcesBuildPhase section */

/* Begin PBXShellScriptBuildPhase section */
		666113FE5893FB0CDBBF10AF /* [CP] Copy Pods Resources */ = {
			isa = PBXShellScriptBuildPhase;
			buildActionMask = 2147483647;
			files = (
			);
			inputPaths = (
			);
			name = "[CP] Copy Pods Resources";
			outputPaths = (
			);
			runOnlyForDeploymentPostprocessing = 0;
			shellPath = /bin/sh;
			shellScript = "\"${SRCROOT}/Pods/Target Support Files/Pods-dateMe/Pods-dateMe-resources.sh\"\n";
			showEnvVarsInLog = 0;
		};
		92E9A189D0BE554FA421B9EB /* [CP] Embed Pods Frameworks */ = {
			isa = PBXShellScriptBuildPhase;
			buildActionMask = 2147483647;
			files = (
			);
			inputPaths = (
			);
			name = "[CP] Embed Pods Frameworks";
			outputPaths = (
			);
			runOnlyForDeploymentPostprocessing = 0;
			shellPath = /bin/sh;
			shellScript = "\"${SRCROOT}/Pods/Target Support Files/Pods-dateMe/Pods-dateMe-frameworks.sh\"\n";
			showEnvVarsInLog = 0;
		};
		AEA1D4932EF25DD5C1DCDBE3 /* [CP] Check Pods Manifest.lock */ = {
			isa = PBXShellScriptBuildPhase;
			buildActionMask = 2147483647;
			files = (
			);
			inputPaths = (
			);
			name = "[CP] Check Pods Manifest.lock";
			outputPaths = (
			);
			runOnlyForDeploymentPostprocessing = 0;
			shellPath = /bin/sh;
			shellScript = "diff \"${PODS_ROOT}/../Podfile.lock\" \"${PODS_ROOT}/Manifest.lock\" > /dev/null\nif [[ $? != 0 ]] ; then\n    cat << EOM\nerror: The sandbox is not in sync with the Podfile.lock. Run 'pod install' or update your CocoaPods installation.\nEOM\n    exit 1\nfi\n";
			showEnvVarsInLog = 0;
		};
/* End PBXShellScriptBuildPhase section */

/* Begin PBXSourcesBuildPhase section */
		B59403861DB85E8E003E761E /* Sources */ = {
			isa = PBXSourcesBuildPhase;
			buildActionMask = 2147483647;
			files = (
				B56954511DB8B5E10096DB8D /* dateMeViewBackground.swift in Sources */,
				B569544B1DB8B06D0096DB8D /* DraggableView.m in Sources */,
				B56954411DB8A8D50096DB8D /* MatchesTableViewController.swift in Sources */,
				B59403901DB85E8E003E761E /* ViewController.swift in Sources */,
				B59403961DB85E8E003E761E /* dateMe.xcdatamodeld in Sources */,
				B569543C1DB89EC60096DB8D /* aboutMeViewController.swift in Sources */,
				B56954211DB86A310096DB8D /* Session.swift in Sources */,
				B569541D1DB866970096DB8D /* SignUpViewController.swift in Sources */,
				B56954471DB8B0400096DB8D /* OverlayView.m in Sources */,
				B569542D1DB875000096DB8D /* User.swift in Sources */,
				B569544F1DB8B2380096DB8D /* DraggableViewBackground.m in Sources */,
				B594038E1DB85E8E003E761E /* AppDelegate.swift in Sources */,
				B56954381DB879500096DB8D /* ProfileViewController.swift in Sources */,
				B569541F1DB869910096DB8D /* DataService.swift in Sources */,
				B569543A1DB890200096DB8D /* EditProfileViewController.swift in Sources */,
				B56954431DB8AB530096DB8D /* SwipeViewController.swift in Sources */,
				B56954531DB8BC0E0096DB8D /* SearchOptionViewController.swift in Sources */,
			);
			runOnlyForDeploymentPostprocessing = 0;
		};
/* End PBXSourcesBuildPhase section */

/* Begin PBXVariantGroup section */
		B56954231DB8706C0096DB8D /* Profile.storyboard */ = {
			isa = PBXVariantGroup;
			children = (
				B56954241DB8706C0096DB8D /* Base */,
			);
			name = Profile.storyboard;
			sourceTree = "<group>";
		};
		B56954261DB870930096DB8D /* Swipe.storyboard */ = {
			isa = PBXVariantGroup;
			children = (
				B56954271DB870930096DB8D /* Base */,
			);
			name = Swipe.storyboard;
			sourceTree = "<group>";
		};
		B56954321DB8782E0096DB8D /* Main.storyboard */ = {
			isa = PBXVariantGroup;
			children = (
				B56954331DB8782E0096DB8D /* Base */,
			);
			name = Main.storyboard;
			sourceTree = "<group>";
		};
		B569543D1DB8A89F0096DB8D /* Matches.storyboard */ = {
			isa = PBXVariantGroup;
			children = (
				B569543E1DB8A89F0096DB8D /* Base */,
			);
			name = Matches.storyboard;
			sourceTree = "<group>";
		};
		B56954571DB8CAE30096DB8D /* Search.storyboard */ = {
			isa = PBXVariantGroup;
			children = (
				B56954581DB8CAE30096DB8D /* Base */,
			);
			name = Search.storyboard;
			sourceTree = "<group>";
		};
		B59403991DB85E8F003E761E /* LaunchScreen.storyboard */ = {
			isa = PBXVariantGroup;
			children = (
				B594039A1DB85E8F003E761E /* Base */,
			);
			name = LaunchScreen.storyboard;
			sourceTree = "<group>";
		};
/* End PBXVariantGroup section */

/* Begin XCBuildConfiguration section */
		B594039D1DB85E8F003E761E /* Debug */ = {
			isa = XCBuildConfiguration;
			buildSettings = {
				ALWAYS_SEARCH_USER_PATHS = NO;
				CLANG_ANALYZER_NONNULL = YES;
				CLANG_CXX_LANGUAGE_STANDARD = "gnu++0x";
				CLANG_CXX_LIBRARY = "libc++";
				CLANG_ENABLE_MODULES = YES;
				CLANG_ENABLE_OBJC_ARC = YES;
				CLANG_WARN_BOOL_CONVERSION = YES;
				CLANG_WARN_CONSTANT_CONVERSION = YES;
				CLANG_WARN_DIRECT_OBJC_ISA_USAGE = YES_ERROR;
				CLANG_WARN_DOCUMENTATION_COMMENTS = YES;
				CLANG_WARN_EMPTY_BODY = YES;
				CLANG_WARN_ENUM_CONVERSION = YES;
				CLANG_WARN_INFINITE_RECURSION = YES;
				CLANG_WARN_INT_CONVERSION = YES;
				CLANG_WARN_OBJC_ROOT_CLASS = YES_ERROR;
				CLANG_WARN_SUSPICIOUS_MOVES = YES;
				CLANG_WARN_UNREACHABLE_CODE = YES;
				CLANG_WARN__DUPLICATE_METHOD_MATCH = YES;
				"CODE_SIGN_IDENTITY[sdk=iphoneos*]" = "iPhone Developer";
				COPY_PHASE_STRIP = NO;
				DEBUG_INFORMATION_FORMAT = dwarf;
				ENABLE_STRICT_OBJC_MSGSEND = YES;
				ENABLE_TESTABILITY = YES;
				"FRAMEWORK_SEARCH_PATHS[arch=*]" = "$(SRCROOT)/**";
				GCC_C_LANGUAGE_STANDARD = gnu99;
				GCC_DYNAMIC_NO_PIC = NO;
				GCC_NO_COMMON_BLOCKS = YES;
				GCC_OPTIMIZATION_LEVEL = 0;
				GCC_PREPROCESSOR_DEFINITIONS = (
					"DEBUG=1",
					"$(inherited)",
				);
				GCC_WARN_64_TO_32_BIT_CONVERSION = YES;
				GCC_WARN_ABOUT_RETURN_TYPE = YES_ERROR;
				GCC_WARN_UNDECLARED_SELECTOR = YES;
				GCC_WARN_UNINITIALIZED_AUTOS = YES_AGGRESSIVE;
				GCC_WARN_UNUSED_FUNCTION = YES;
				GCC_WARN_UNUSED_VARIABLE = YES;
				IPHONEOS_DEPLOYMENT_TARGET = 10.0;
				MTL_ENABLE_DEBUG_INFO = YES;
				ONLY_ACTIVE_ARCH = YES;
				SDKROOT = iphoneos;
				SWIFT_ACTIVE_COMPILATION_CONDITIONS = DEBUG;
				SWIFT_OPTIMIZATION_LEVEL = "-Onone";
				TARGETED_DEVICE_FAMILY = "1,2";
			};
			name = Debug;
		};
		B594039E1DB85E8F003E761E /* Release */ = {
			isa = XCBuildConfiguration;
			buildSettings = {
				ALWAYS_SEARCH_USER_PATHS = NO;
				CLANG_ANALYZER_NONNULL = YES;
				CLANG_CXX_LANGUAGE_STANDARD = "gnu++0x";
				CLANG_CXX_LIBRARY = "libc++";
				CLANG_ENABLE_MODULES = YES;
				CLANG_ENABLE_OBJC_ARC = YES;
				CLANG_WARN_BOOL_CONVERSION = YES;
				CLANG_WARN_CONSTANT_CONVERSION = YES;
				CLANG_WARN_DIRECT_OBJC_ISA_USAGE = YES_ERROR;
				CLANG_WARN_DOCUMENTATION_COMMENTS = YES;
				CLANG_WARN_EMPTY_BODY = YES;
				CLANG_WARN_ENUM_CONVERSION = YES;
				CLANG_WARN_INFINITE_RECURSION = YES;
				CLANG_WARN_INT_CONVERSION = YES;
				CLANG_WARN_OBJC_ROOT_CLASS = YES_ERROR;
				CLANG_WARN_SUSPICIOUS_MOVES = YES;
				CLANG_WARN_UNREACHABLE_CODE = YES;
				CLANG_WARN__DUPLICATE_METHOD_MATCH = YES;
				"CODE_SIGN_IDENTITY[sdk=iphoneos*]" = "iPhone Developer";
				COPY_PHASE_STRIP = NO;
				DEBUG_INFORMATION_FORMAT = "dwarf-with-dsym";
				ENABLE_NS_ASSERTIONS = NO;
				ENABLE_STRICT_OBJC_MSGSEND = YES;
				GCC_C_LANGUAGE_STANDARD = gnu99;
				GCC_NO_COMMON_BLOCKS = YES;
				GCC_WARN_64_TO_32_BIT_CONVERSION = YES;
				GCC_WARN_ABOUT_RETURN_TYPE = YES_ERROR;
				GCC_WARN_UNDECLARED_SELECTOR = YES;
				GCC_WARN_UNINITIALIZED_AUTOS = YES_AGGRESSIVE;
				GCC_WARN_UNUSED_FUNCTION = YES;
				GCC_WARN_UNUSED_VARIABLE = YES;
				IPHONEOS_DEPLOYMENT_TARGET = 10.0;
				MTL_ENABLE_DEBUG_INFO = NO;
				SDKROOT = iphoneos;
				SWIFT_OPTIMIZATION_LEVEL = "-Owholemodule";
				TARGETED_DEVICE_FAMILY = "1,2";
				VALIDATE_PRODUCT = YES;
			};
			name = Release;
		};
		B59403A01DB85E8F003E761E /* Debug */ = {
			isa = XCBuildConfiguration;
			baseConfigurationReference = 85D5ECE3449A4A7153621AAC /* Pods-dateMe.debug.xcconfig */;
			buildSettings = {
				ASSETCATALOG_COMPILER_APPICON_NAME = AppIcon;
				CLANG_ENABLE_MODULES = YES;
				CODE_SIGN_IDENTITY = "iPhone Developer";
				DEVELOPMENT_TEAM = F35T3HFQ4T;
				INFOPLIST_FILE = dateMe/Info.plist;
				LD_RUNPATH_SEARCH_PATHS = "$(inherited) @executable_path/Frameworks";
				PRODUCT_BUNDLE_IDENTIFIER = com.raphaellim.dateMe;
				PRODUCT_NAME = "$(TARGET_NAME)";
				SWIFT_OBJC_BRIDGING_HEADER = "dateMe-Bridging-Header.h";
				SWIFT_OPTIMIZATION_LEVEL = "-Onone";
				SWIFT_VERSION = 3.0;
			};
			name = Debug;
		};
		B59403A11DB85E8F003E761E /* Release */ = {
			isa = XCBuildConfiguration;
			baseConfigurationReference = 2F291BAD0B62BEDB9C2E8E23 /* Pods-dateMe.release.xcconfig */;
			buildSettings = {
				ASSETCATALOG_COMPILER_APPICON_NAME = AppIcon;
				CLANG_ENABLE_MODULES = YES;
				CODE_SIGN_IDENTITY = "iPhone Developer";
				"CODE_SIGN_IDENTITY[sdk=iphoneos*]" = "iPhone Distribution";
				DEVELOPMENT_TEAM = F35T3HFQ4T;
				INFOPLIST_FILE = dateMe/Info.plist;
				LD_RUNPATH_SEARCH_PATHS = "$(inherited) @executable_path/Frameworks";
				PRODUCT_BUNDLE_IDENTIFIER = com.raphaellim.dateMe;
				PRODUCT_NAME = "$(TARGET_NAME)";
				SWIFT_OBJC_BRIDGING_HEADER = "dateMe-Bridging-Header.h";
				SWIFT_VERSION = 3.0;
			};
			name = Release;
		};
/* End XCBuildConfiguration section */

/* Begin XCConfigurationList section */
		B59403851DB85E8E003E761E /* Build configuration list for PBXProject "dateMe" */ = {
			isa = XCConfigurationList;
			buildConfigurations = (
				B594039D1DB85E8F003E761E /* Debug */,
				B594039E1DB85E8F003E761E /* Release */,
			);
			defaultConfigurationIsVisible = 0;
			defaultConfigurationName = Release;
		};
		B594039F1DB85E8F003E761E /* Build configuration list for PBXNativeTarget "dateMe" */ = {
			isa = XCConfigurationList;
			buildConfigurations = (
				B59403A01DB85E8F003E761E /* Debug */,
				B59403A11DB85E8F003E761E /* Release */,
			);
			defaultConfigurationIsVisible = 0;
			defaultConfigurationName = Release;
		};
/* End XCConfigurationList section */

/* Begin XCVersionGroup section */
		B59403941DB85E8E003E761E /* dateMe.xcdatamodeld */ = {
			isa = XCVersionGroup;
			children = (
				B59403951DB85E8E003E761E /* dateMe.xcdatamodel */,
			);
			currentVersion = B59403951DB85E8E003E761E /* dateMe.xcdatamodel */;
			path = dateMe.xcdatamodeld;
			sourceTree = "<group>";
			versionGroupType = wrapper.xcdatamodel;
		};
/* End XCVersionGroup section */
	};
	rootObject = B59403821DB85E8E003E761E /* Project object */;
}
